
Microsoft Visual Studio Solution File, Format Version 12.00
# Visual Studio Version 17
VisualStudioVersion = 17.6.33815.320
MinimumVisualStudioVersion = 10.0.40219.1
Project("{FAE04EC0-301F-11D3-BF4B-00C04F79EFBC}") = "112212", "112212\112212.csproj", "{C3A5841D-3103-4FD1-B5FF-FC807DBD47C2}"
EndProject
Global
	GlobalSection(SolutionConfigurationPlatforms) = preSolution
		Debug|Any CPU = Debug|Any CPU
		Release|Any CPU = Release|Any CPU
	EndGlobalSection
	GlobalSection(ProjectConfigurationPlatforms) = postSolution
		{C3A5841D-3103-4FD1-B5FF-FC807DBD47C2}.Debug|Any CPU.ActiveCfg = Debug|Any CPU
		{C3A5841D-3103-4FD1-B5FF-FC807DBD47C2}.Debug|Any CPU.Build.0 = Debug|Any CPU
		{C3A5841D-3103-4FD1-B5FF-FC807DBD47C2}.Release|Any CPU.ActiveCfg = Release|Any CPU
		{C3A5841D-3103-4FD1-B5FF-FC807DBD47C2}.Release|Any CPU.Build.0 = Release|Any CPU
	EndGlobalSection
	GlobalSection(SolutionProperties) = preSolution
		HideSolutionNode = FALSE
	EndGlobalSection
	GlobalSection(ExtensibilityGlobals) = postSolution
		SolutionGuid = {EB651306-01EF-4014-9109-866B2D8AD982}
	EndGlobalSection
EndGlobal
